
Microsoft Visual Studio Solution File, Format Version 12.00
# Visual Studio Version 17
VisualStudioVersion = 17.3.32922.545
MinimumVisualStudioVersion = 10.0.40219.1
Project("{9A19103F-16F7-4668-BE54-9A1E7A4F7556}") = "CarRentalManagement.Server", "CarRentalManagement\Server\CarRentalManagement.Server.csproj", "{F7344F11-BE25-4222-8272-221219A20ABD}"
EndProject
Project("{9A19103F-16F7-4668-BE54-9A1E7A4F7556}") = "CarRentalManagement.Client", "CarRentalManagement\Client\CarRentalManagement.Client.csproj", "{BAD28E40-9B42-45C8-B73B-EBD840A82FE2}"
EndProject
Project("{9A19103F-16F7-4668-BE54-9A1E7A4F7556}") = "CarRentalManagement.Shared", "CarRentalManagement\Shared\CarRentalManagement.Shared.csproj", "{2F60050B-5345-4312-B13E-2A28B850CCED}"
EndProject
Global
	GlobalSection(SolutionConfigurationPlatforms) = preSolution
		Debug|Any CPU = Debug|Any CPU
		Release|Any CPU = Release|Any CPU
	EndGlobalSection
	GlobalSection(ProjectConfigurationPlatforms) = postSolution
		{F7344F11-BE25-4222-8272-221219A20ABD}.Debug|Any CPU.ActiveCfg = Debug|Any CPU
		{F7344F11-BE25-4222-8272-221219A20ABD}.Debug|Any CPU.Build.0 = Debug|Any CPU
		{F7344F11-BE25-4222-8272-221219A20ABD}.Release|Any CPU.ActiveCfg = Release|Any CPU
		{F7344F11-BE25-4222-8272-221219A20ABD}.Release|Any CPU.Build.0 = Release|Any CPU
		{BAD28E40-9B42-45C8-B73B-EBD840A82FE2}.Debug|Any CPU.ActiveCfg = Debug|Any CPU
		{BAD28E40-9B42-45C8-B73B-EBD840A82FE2}.Debug|Any CPU.Build.0 = Debug|Any CPU
		{BAD28E40-9B42-45C8-B73B-EBD840A82FE2}.Release|Any CPU.ActiveCfg = Release|Any CPU
		{BAD28E40-9B42-45C8-B73B-EBD840A82FE2}.Release|Any CPU.Build.0 = Release|Any CPU
		{2F60050B-5345-4312-B13E-2A28B850CCED}.Debug|Any CPU.ActiveCfg = Debug|Any CPU
		{2F60050B-5345-4312-B13E-2A28B850CCED}.Debug|Any CPU.Build.0 = Debug|Any CPU
		{2F60050B-5345-4312-B13E-2A28B850CCED}.Release|Any CPU.ActiveCfg = Release|Any CPU
		{2F60050B-5345-4312-B13E-2A28B850CCED}.Release|Any CPU.Build.0 = Release|Any CPU
	EndGlobalSection
	GlobalSection(SolutionProperties) = preSolution
		HideSolutionNode = FALSE
	EndGlobalSection
	GlobalSection(ExtensibilityGlobals) = postSolution
		SolutionGuid = {CDA5E2FA-D1EF-4E93-A20C-CD96EC9E00BB}
	EndGlobalSection
EndGlobal
